
Microsoft Visual Studio Solution File, Format Version 12.00
# Visual Studio Version 17
VisualStudioVersion = 17.6.33829.357
MinimumVisualStudioVersion = 10.0.40219.1
Project("{FAE04EC0-301F-11D3-BF4B-00C04F79EFBC}") = "QuizApplication", "QuizApplication\QuizApplication.csproj", "{2CEF4583-B7D5-488C-BDA3-6298652F1364}"
EndProject
Global
	GlobalSection(SolutionConfigurationPlatforms) = preSolution
		Debug|Any CPU = Debug|Any CPU
		Release|Any CPU = Release|Any CPU
	EndGlobalSection
	GlobalSection(ProjectConfigurationPlatforms) = postSolution
		{2CEF4583-B7D5-488C-BDA3-6298652F1364}.Debug|Any CPU.ActiveCfg = Debug|Any CPU
		{2CEF4583-B7D5-488C-BDA3-6298652F1364}.Debug|Any CPU.Build.0 = Debug|Any CPU
		{2CEF4583-B7D5-488C-BDA3-6298652F1364}.Release|Any CPU.ActiveCfg = Release|Any CPU
		{2CEF4583-B7D5-488C-BDA3-6298652F1364}.Release|Any CPU.Build.0 = Release|Any CPU
	EndGlobalSection
	GlobalSection(SolutionProperties) = preSolution
		HideSolutionNode = FALSE
	EndGlobalSection
	GlobalSection(ExtensibilityGlobals) = postSolution
		SolutionGuid = {0115378F-E272-4A35-B77C-E8D2A79BB9E4}
	EndGlobalSection
EndGlobal
